
Microsoft Visual Studio Solution File, Format Version 12.00
# Visual Studio Version 17
VisualStudioVersion = 17.5.002.0
MinimumVisualStudioVersion = 10.0.40219.1
Project("{9A19103F-16F7-4668-BE54-9A1E7A4F7556}") = "Library", "Library\Library.csproj", "{FB81196C-8C74-49BF-B2F1-3816A0714D97}"
EndProject
Project("{9A19103F-16F7-4668-BE54-9A1E7A4F7556}") = "Program", "Program\Program.csproj", "{DCFDC1AB-C91E-4F1A-9F45-A6BB10BD907A}"
EndProject
Global
	GlobalSection(SolutionConfigurationPlatforms) = preSolution
		Debug|Any CPU = Debug|Any CPU
		Release|Any CPU = Release|Any CPU
	EndGlobalSection
	GlobalSection(ProjectConfigurationPlatforms) = postSolution
		{FB81196C-8C74-49BF-B2F1-3816A0714D97}.Debug|Any CPU.ActiveCfg = Debug|Any CPU
		{FB81196C-8C74-49BF-B2F1-3816A0714D97}.Debug|Any CPU.Build.0 = Debug|Any CPU
		{FB81196C-8C74-49BF-B2F1-3816A0714D97}.Release|Any CPU.ActiveCfg = Release|Any CPU
		{FB81196C-8C74-49BF-B2F1-3816A0714D97}.Release|Any CPU.Build.0 = Release|Any CPU
		{DCFDC1AB-C91E-4F1A-9F45-A6BB10BD907A}.Debug|Any CPU.ActiveCfg = Debug|Any CPU
		{DCFDC1AB-C91E-4F1A-9F45-A6BB10BD907A}.Debug|Any CPU.Build.0 = Debug|Any CPU
		{DCFDC1AB-C91E-4F1A-9F45-A6BB10BD907A}.Release|Any CPU.ActiveCfg = Release|Any CPU
		{DCFDC1AB-C91E-4F1A-9F45-A6BB10BD907A}.Release|Any CPU.Build.0 = Release|Any CPU
	EndGlobalSection
	GlobalSection(SolutionProperties) = preSolution
		HideSolutionNode = FALSE
	EndGlobalSection
	GlobalSection(ExtensibilityGlobals) = postSolution
		SolutionGuid = {9B58C08C-96EA-4BB7-ADA8-765243D78708}
	EndGlobalSection
EndGlobal
